
Microsoft Visual Studio Solution File, Format Version 12.00
# Visual Studio Version 17
VisualStudioVersion = 17.2.32519.379
MinimumVisualStudioVersion = 10.0.40219.1
Project("{9A19103F-16F7-4668-BE54-9A1E7A4F7556}") = "StackingSails", "StackingSails\StackingSails.csproj", "{7EE0A254-9453-4589-B008-958321CDF750}"
EndProject
Project("{9A19103F-16F7-4668-BE54-9A1E7A4F7556}") = "Durability", "Durability\Durability.csproj", "{B903B621-646F-4C61-BDA7-81A5DD24F746}"
EndProject
Project("{9A19103F-16F7-4668-BE54-9A1E7A4F7556}") = "StorageSize", "StorageSize\StorageSize.csproj", "{768AD0CB-1EB5-4F56-AE12-7E33B6C5D1A2}"
EndProject
Project("{FAE04EC0-301F-11D3-BF4B-00C04F79EFBC}") = "SharkTweak", "SharkTweak\SharkTweak.csproj", "{07B94731-C5A9-4767-9BC3-19AD9FA1C836}"
EndProject
Project("{FAE04EC0-301F-11D3-BF4B-00C04F79EFBC}") = "SeagullTweak", "SeagullTweak\SeagullTweak.csproj", "{E4E8D687-55F7-4B4B-AD61-C203831A8651}"
EndProject
Project("{9A19103F-16F7-4668-BE54-9A1E7A4F7556}") = "InstantGather", "InstantGather\InstantGather.csproj", "{4909D956-9710-4755-9A6B-35CAFC2A54A6}"
EndProject
Project("{9A19103F-16F7-4668-BE54-9A1E7A4F7556}") = "FullReturn", "FullReturn\FullReturn.csproj", "{F2E4DCE6-40BC-4523-9CF9-A93854F31D79}"
EndProject
Project("{9A19103F-16F7-4668-BE54-9A1E7A4F7556}") = "CraftFromContainers", "CraftFromContainers\CraftFromContainers.csproj", "{3ACBA213-F396-4F8D-A1C8-B1579C4F8BF6}"
EndProject
Project("{9A19103F-16F7-4668-BE54-9A1E7A4F7556}") = "QuickStore", "QuickStore\QuickStore.csproj", "{C37B4B87-1BED-4621-9B99-CD0AE827391F}"
EndProject
Project("{9A19103F-16F7-4668-BE54-9A1E7A4F7556}") = "AedenthornUtils", "AedenthornUtils\AedenthornUtils.csproj", "{4DE8AF05-021F-4DC7-84B9-DEF2659F1260}"
EndProject
Project("{9A19103F-16F7-4668-BE54-9A1E7A4F7556}") = "CancelHook", "CancelHook\CancelHook.csproj", "{942F85BF-5241-4372-A0DA-F0897196F51A}"
EndProject
Project("{9A19103F-16F7-4668-BE54-9A1E7A4F7556}") = "AutoFuel", "AutoFuel\AutoFuel.csproj", "{A9328EA2-C979-4A9B-B428-9D93E1B6F612}"
EndProject
Project("{9A19103F-16F7-4668-BE54-9A1E7A4F7556}") = "EngineTweaks", "EngineTweaks\EngineTweaks.csproj", "{5803A187-557E-4133-916F-D3F24D0D764D}"
EndProject
Project("{9A19103F-16F7-4668-BE54-9A1E7A4F7556}") = "CreatureTweaks", "CreatureTweaks\CreatureTweaks.csproj", "{AD458C27-737F-45DC-A9F0-16031A61C175}"
EndProject
Project("{9A19103F-16F7-4668-BE54-9A1E7A4F7556}") = "NeverLoseInventoryOnDeath", "NeverLoseInventoryOnDeath\NeverLoseInventoryOnDeath.csproj", "{9A63FD38-0493-44C9-B6F4-13C4CAFEE053}"
EndProject
Project("{9A19103F-16F7-4668-BE54-9A1E7A4F7556}") = "ShowRaftCenter", "ShowRaftCenter\ShowRaftCenter.csproj", "{DBCAF79D-13CF-4D0E-B4E7-98586190A5B7}"
EndProject
Project("{FAE04EC0-301F-11D3-BF4B-00C04F79EFBC}") = "AnchorFromWheel", "AnchorFromWheel\AnchorFromWheel.csproj", "{EAC2DDB5-91B4-4344-A4F9-D88EBD55CD4D}"
EndProject
Project("{FAE04EC0-301F-11D3-BF4B-00C04F79EFBC}") = "Speed", "Speed\Speed.csproj", "{FEE50CAF-9AEF-4FFD-874D-ED2855C5F681}"
EndProject
Project("{FAE04EC0-301F-11D3-BF4B-00C04F79EFBC}") = "RememberJoinType", "RememberJoinType\RememberJoinType.csproj", "{FE505C5B-6C04-4A3A-A778-8C340BA41151}"
EndProject
Project("{FAE04EC0-301F-11D3-BF4B-00C04F79EFBC}") = "RemoveBuildPiece", "RemoveBuildPiece\RemoveBuildPiece.csproj", "{E7014063-949B-4556-A86E-501175A5B7AE}"
EndProject
Project("{FAE04EC0-301F-11D3-BF4B-00C04F79EFBC}") = "HereFishy", "HereFishy\HereFishy.csproj", "{1E579A1E-521E-4D7A-9146-5E2EBED5536C}"
EndProject
Project("{FAE04EC0-301F-11D3-BF4B-00C04F79EFBC}") = "GlobalBatteryCharge", "GlobalBatteryCharge\GlobalBatteryCharge.csproj", "{1EE6EC53-FCAC-4CC1-A0CC-40243558F24B}"
EndProject
Project("{FAE04EC0-301F-11D3-BF4B-00C04F79EFBC}") = "RapidTankFill", "RapidTankFill\RapidTankFill.csproj", "{8BDA7CDE-E4B6-4B24-A988-1DC714D2C28B}"
EndProject
Project("{FAE04EC0-301F-11D3-BF4B-00C04F79EFBC}") = "SeagullsLayEggs", "SeagullsLayEggs\SeagullsLayEggs.csproj", "{B030D062-32E6-30B6-C585-B9299FBF761E}"
EndProject
Project("{FAE04EC0-301F-11D3-BF4B-00C04F79EFBC}") = "GradualNeeds", "GradualNeeds\GradualNeeds.csproj", "{BAA7B2EA-B489-D33A-D32D-1ABC341188A0}"
EndProject
Project("{FAE04EC0-301F-11D3-BF4B-00C04F79EFBC}") = "SnowmobileEverywhere", "SnowmobileEverywhere\SnowmobileEverywhere.csproj", "{C1EE2C57-D995-2C2E-4798-8AC338963854}"
EndProject
Project("{FAE04EC0-301F-11D3-BF4B-00C04F79EFBC}") = "EnableCheats", "EnableCheats\EnableCheats.csproj", "{4FD331B9-CB21-C149-B79A-08E421491B4F}"
EndProject
Project("{FAE04EC0-301F-11D3-BF4B-00C04F79EFBC}") = "DisableAutoSave", "DisableAutoSave\DisableAutoSave.csproj", "{2104349F-B8B6-A485-7456-44EA4D157930}"
EndProject
Project("{FAE04EC0-301F-11D3-BF4B-00C04F79EFBC}") = "WorldSize", "WorldSize\WorldSize.csproj", "{5B719FB6-3AB1-022F-1FE2-1C7F52E58707}"
EndProject
Project("{FAE04EC0-301F-11D3-BF4B-00C04F79EFBC}") = "ResearchTitaniumTools", "ResearchTitaniumTools\ResearchTitaniumTools.csproj", "{8EA1161C-CE89-CE7C-988C-99EE73303724}"
EndProject
Project("{FAE04EC0-301F-11D3-BF4B-00C04F79EFBC}") = "AutoRecipe", "AutoRecipe\AutoRecipe.csproj", "{1C4B247C-9BDD-F02F-F0C5-48D58B8AAB3F}"
EndProject
Project("{FAE04EC0-301F-11D3-BF4B-00C04F79EFBC}") = "ReuseBowlsAndGlasses", "ReuseBowlsAndGlasses\ReuseBowlsAndGlasses.csproj", "{0A4246F0-6F4E-4C77-4837-136EE7B8D48E}"
EndProject
Project("{FAE04EC0-301F-11D3-BF4B-00C04F79EFBC}") = "BetterPaintMill", "BetterPaintMill\BetterPaintMill.csproj", "{83A8B7F1-DEE2-5343-C82F-B2587C0AF0F6}"
EndProject
Project("{FAE04EC0-301F-11D3-BF4B-00C04F79EFBC}") = "TreasureMod", "TreasureMod\TreasureMod.csproj", "{FE397046-47A8-03F3-7061-B554420A3A3C}"
EndProject
Project("{FAE04EC0-301F-11D3-BF4B-00C04F79EFBC}") = "BlockShift", "BlockShift\BlockShift.csproj", "{0F1E61D9-1792-F593-0785-DA5C7C7EF97A}"
EndProject
Project("{FAE04EC0-301F-11D3-BF4B-00C04F79EFBC}") = "RepairItems", "RepairItems\RepairItems.csproj", "{FBD3B12B-35E0-0FAD-8403-2D165BD9A775}"
EndProject
Project("{FAE04EC0-301F-11D3-BF4B-00C04F79EFBC}") = "CustomRecipes", "CustomRecipes\CustomRecipes.csproj", "{8DE15023-F6BA-A305-F1B9-4D99F63A788D}"
EndProject
Global
	GlobalSection(SolutionConfigurationPlatforms) = preSolution
		Debug|Any CPU = Debug|Any CPU
		Release|Any CPU = Release|Any CPU
	EndGlobalSection
	GlobalSection(ProjectConfigurationPlatforms) = postSolution
		{7EE0A254-9453-4589-B008-958321CDF750}.Debug|Any CPU.ActiveCfg = Debug|Any CPU
		{7EE0A254-9453-4589-B008-958321CDF750}.Debug|Any CPU.Build.0 = Debug|Any CPU
		{7EE0A254-9453-4589-B008-958321CDF750}.Release|Any CPU.ActiveCfg = Release|Any CPU
		{7EE0A254-9453-4589-B008-958321CDF750}.Release|Any CPU.Build.0 = Release|Any CPU
		{B903B621-646F-4C61-BDA7-81A5DD24F746}.Debug|Any CPU.ActiveCfg = Debug|Any CPU
		{B903B621-646F-4C61-BDA7-81A5DD24F746}.Debug|Any CPU.Build.0 = Debug|Any CPU
		{B903B621-646F-4C61-BDA7-81A5DD24F746}.Release|Any CPU.ActiveCfg = Release|Any CPU
		{B903B621-646F-4C61-BDA7-81A5DD24F746}.Release|Any CPU.Build.0 = Release|Any CPU
		{768AD0CB-1EB5-4F56-AE12-7E33B6C5D1A2}.Debug|Any CPU.ActiveCfg = Debug|Any CPU
		{768AD0CB-1EB5-4F56-AE12-7E33B6C5D1A2}.Debug|Any CPU.Build.0 = Debug|Any CPU
		{768AD0CB-1EB5-4F56-AE12-7E33B6C5D1A2}.Release|Any CPU.ActiveCfg = Release|Any CPU
		{768AD0CB-1EB5-4F56-AE12-7E33B6C5D1A2}.Release|Any CPU.Build.0 = Release|Any CPU
		{07B94731-C5A9-4767-9BC3-19AD9FA1C836}.Debug|Any CPU.ActiveCfg = Debug|Any CPU
		{07B94731-C5A9-4767-9BC3-19AD9FA1C836}.Debug|Any CPU.Build.0 = Debug|Any CPU
		{07B94731-C5A9-4767-9BC3-19AD9FA1C836}.Release|Any CPU.ActiveCfg = Release|Any CPU
		{07B94731-C5A9-4767-9BC3-19AD9FA1C836}.Release|Any CPU.Build.0 = Release|Any CPU
		{E4E8D687-55F7-4B4B-AD61-C203831A8651}.Debug|Any CPU.ActiveCfg = Debug|Any CPU
		{E4E8D687-55F7-4B4B-AD61-C203831A8651}.Debug|Any CPU.Build.0 = Debug|Any CPU
		{E4E8D687-55F7-4B4B-AD61-C203831A8651}.Release|Any CPU.ActiveCfg = Release|Any CPU
		{E4E8D687-55F7-4B4B-AD61-C203831A8651}.Release|Any CPU.Build.0 = Release|Any CPU
		{4909D956-9710-4755-9A6B-35CAFC2A54A6}.Debug|Any CPU.ActiveCfg = Debug|Any CPU
		{4909D956-9710-4755-9A6B-35CAFC2A54A6}.Debug|Any CPU.Build.0 = Debug|Any CPU
		{4909D956-9710-4755-9A6B-35CAFC2A54A6}.Release|Any CPU.ActiveCfg = Release|Any CPU
		{4909D956-9710-4755-9A6B-35CAFC2A54A6}.Release|Any CPU.Build.0 = Release|Any CPU
		{F2E4DCE6-40BC-4523-9CF9-A93854F31D79}.Debug|Any CPU.ActiveCfg = Debug|Any CPU
		{F2E4DCE6-40BC-4523-9CF9-A93854F31D79}.Debug|Any CPU.Build.0 = Debug|Any CPU
		{F2E4DCE6-40BC-4523-9CF9-A93854F31D79}.Release|Any CPU.ActiveCfg = Release|Any CPU
		{F2E4DCE6-40BC-4523-9CF9-A93854F31D79}.Release|Any CPU.Build.0 = Release|Any CPU
		{3ACBA213-F396-4F8D-A1C8-B1579C4F8BF6}.Debug|Any CPU.ActiveCfg = Debug|Any CPU
		{3ACBA213-F396-4F8D-A1C8-B1579C4F8BF6}.Debug|Any CPU.Build.0 = Debug|Any CPU
		{3ACBA213-F396-4F8D-A1C8-B1579C4F8BF6}.Release|Any CPU.ActiveCfg = Release|Any CPU
		{3ACBA213-F396-4F8D-A1C8-B1579C4F8BF6}.Release|Any CPU.Build.0 = Release|Any CPU
		{C37B4B87-1BED-4621-9B99-CD0AE827391F}.Debug|Any CPU.ActiveCfg = Debug|Any CPU
		{C37B4B87-1BED-4621-9B99-CD0AE827391F}.Debug|Any CPU.Build.0 = Debug|Any CPU
		{C37B4B87-1BED-4621-9B99-CD0AE827391F}.Release|Any CPU.ActiveCfg = Release|Any CPU
		{C37B4B87-1BED-4621-9B99-CD0AE827391F}.Release|Any CPU.Build.0 = Release|Any CPU
		{4DE8AF05-021F-4DC7-84B9-DEF2659F1260}.Debug|Any CPU.ActiveCfg = Debug|Any CPU
		{4DE8AF05-021F-4DC7-84B9-DEF2659F1260}.Debug|Any CPU.Build.0 = Debug|Any CPU
		{4DE8AF05-021F-4DC7-84B9-DEF2659F1260}.Release|Any CPU.ActiveCfg = Release|Any CPU
		{4DE8AF05-021F-4DC7-84B9-DEF2659F1260}.Release|Any CPU.Build.0 = Release|Any CPU
		{942F85BF-5241-4372-A0DA-F0897196F51A}.Debug|Any CPU.ActiveCfg = Debug|Any CPU
		{942F85BF-5241-4372-A0DA-F0897196F51A}.Debug|Any CPU.Build.0 = Debug|Any CPU
		{942F85BF-5241-4372-A0DA-F0897196F51A}.Release|Any CPU.ActiveCfg = Release|Any CPU
		{942F85BF-5241-4372-A0DA-F0897196F51A}.Release|Any CPU.Build.0 = Release|Any CPU
		{A9328EA2-C979-4A9B-B428-9D93E1B6F612}.Debug|Any CPU.ActiveCfg = Debug|Any CPU
		{A9328EA2-C979-4A9B-B428-9D93E1B6F612}.Debug|Any CPU.Build.0 = Debug|Any CPU
		{A9328EA2-C979-4A9B-B428-9D93E1B6F612}.Release|Any CPU.ActiveCfg = Release|Any CPU
		{A9328EA2-C979-4A9B-B428-9D93E1B6F612}.Release|Any CPU.Build.0 = Release|Any CPU
		{5803A187-557E-4133-916F-D3F24D0D764D}.Debug|Any CPU.ActiveCfg = Debug|Any CPU
		{5803A187-557E-4133-916F-D3F24D0D764D}.Debug|Any CPU.Build.0 = Debug|Any CPU
		{5803A187-557E-4133-916F-D3F24D0D764D}.Release|Any CPU.ActiveCfg = Release|Any CPU
		{5803A187-557E-4133-916F-D3F24D0D764D}.Release|Any CPU.Build.0 = Release|Any CPU
		{AD458C27-737F-45DC-A9F0-16031A61C175}.Debug|Any CPU.ActiveCfg = Debug|Any CPU
		{AD458C27-737F-45DC-A9F0-16031A61C175}.Debug|Any CPU.Build.0 = Debug|Any CPU
		{AD458C27-737F-45DC-A9F0-16031A61C175}.Release|Any CPU.ActiveCfg = Release|Any CPU
		{AD458C27-737F-45DC-A9F0-16031A61C175}.Release|Any CPU.Build.0 = Release|Any CPU
		{9A63FD38-0493-44C9-B6F4-13C4CAFEE053}.Debug|Any CPU.ActiveCfg = Debug|Any CPU
		{9A63FD38-0493-44C9-B6F4-13C4CAFEE053}.Debug|Any CPU.Build.0 = Debug|Any CPU
		{9A63FD38-0493-44C9-B6F4-13C4CAFEE053}.Release|Any CPU.ActiveCfg = Release|Any CPU
		{9A63FD38-0493-44C9-B6F4-13C4CAFEE053}.Release|Any CPU.Build.0 = Release|Any CPU
		{DBCAF79D-13CF-4D0E-B4E7-98586190A5B7}.Debug|Any CPU.ActiveCfg = Debug|Any CPU
		{DBCAF79D-13CF-4D0E-B4E7-98586190A5B7}.Debug|Any CPU.Build.0 = Debug|Any CPU
		{DBCAF79D-13CF-4D0E-B4E7-98586190A5B7}.Release|Any CPU.ActiveCfg = Release|Any CPU
		{DBCAF79D-13CF-4D0E-B4E7-98586190A5B7}.Release|Any CPU.Build.0 = Release|Any CPU
		{EAC2DDB5-91B4-4344-A4F9-D88EBD55CD4D}.Debug|Any CPU.ActiveCfg = Debug|Any CPU
		{EAC2DDB5-91B4-4344-A4F9-D88EBD55CD4D}.Debug|Any CPU.Build.0 = Debug|Any CPU
		{EAC2DDB5-91B4-4344-A4F9-D88EBD55CD4D}.Release|Any CPU.ActiveCfg = Release|Any CPU
		{EAC2DDB5-91B4-4344-A4F9-D88EBD55CD4D}.Release|Any CPU.Build.0 = Release|Any CPU
		{FEE50CAF-9AEF-4FFD-874D-ED2855C5F681}.Debug|Any CPU.ActiveCfg = Debug|Any CPU
		{FEE50CAF-9AEF-4FFD-874D-ED2855C5F681}.Debug|Any CPU.Build.0 = Debug|Any CPU
		{FEE50CAF-9AEF-4FFD-874D-ED2855C5F681}.Release|Any CPU.ActiveCfg = Release|Any CPU
		{FEE50CAF-9AEF-4FFD-874D-ED2855C5F681}.Release|Any CPU.Build.0 = Release|Any CPU
		{FE505C5B-6C04-4A3A-A778-8C340BA41151}.Debug|Any CPU.ActiveCfg = Debug|Any CPU
		{FE505C5B-6C04-4A3A-A778-8C340BA41151}.Debug|Any CPU.Build.0 = Debug|Any CPU
		{FE505C5B-6C04-4A3A-A778-8C340BA41151}.Release|Any CPU.ActiveCfg = Release|Any CPU
		{FE505C5B-6C04-4A3A-A778-8C340BA41151}.Release|Any CPU.Build.0 = Release|Any CPU
		{E7014063-949B-4556-A86E-501175A5B7AE}.Debug|Any CPU.ActiveCfg = Debug|Any CPU
		{E7014063-949B-4556-A86E-501175A5B7AE}.Debug|Any CPU.Build.0 = Debug|Any CPU
		{E7014063-949B-4556-A86E-501175A5B7AE}.Release|Any CPU.ActiveCfg = Release|Any CPU
		{E7014063-949B-4556-A86E-501175A5B7AE}.Release|Any CPU.Build.0 = Release|Any CPU
		{1E579A1E-521E-4D7A-9146-5E2EBED5536C}.Debug|Any CPU.ActiveCfg = Debug|Any CPU
		{1E579A1E-521E-4D7A-9146-5E2EBED5536C}.Debug|Any CPU.Build.0 = Debug|Any CPU
		{1E579A1E-521E-4D7A-9146-5E2EBED5536C}.Release|Any CPU.ActiveCfg = Release|Any CPU
		{1E579A1E-521E-4D7A-9146-5E2EBED5536C}.Release|Any CPU.Build.0 = Release|Any CPU
		{1EE6EC53-FCAC-4CC1-A0CC-40243558F24B}.Debug|Any CPU.ActiveCfg = Debug|Any CPU
		{1EE6EC53-FCAC-4CC1-A0CC-40243558F24B}.Debug|Any CPU.Build.0 = Debug|Any CPU
		{1EE6EC53-FCAC-4CC1-A0CC-40243558F24B}.Release|Any CPU.ActiveCfg = Release|Any CPU
		{1EE6EC53-FCAC-4CC1-A0CC-40243558F24B}.Release|Any CPU.Build.0 = Release|Any CPU
		{8BDA7CDE-E4B6-4B24-A988-1DC714D2C28B}.Debug|Any CPU.ActiveCfg = Debug|Any CPU
		{8BDA7CDE-E4B6-4B24-A988-1DC714D2C28B}.Debug|Any CPU.Build.0 = Debug|Any CPU
		{8BDA7CDE-E4B6-4B24-A988-1DC714D2C28B}.Release|Any CPU.ActiveCfg = Release|Any CPU
		{8BDA7CDE-E4B6-4B24-A988-1DC714D2C28B}.Release|Any CPU.Build.0 = Release|Any CPU
		{B030D062-32E6-30B6-C585-B9299FBF761E}.Debug|Any CPU.ActiveCfg = Debug|Any CPU
		{B030D062-32E6-30B6-C585-B9299FBF761E}.Debug|Any CPU.Build.0 = Debug|Any CPU
		{B030D062-32E6-30B6-C585-B9299FBF761E}.Release|Any CPU.ActiveCfg = Release|Any CPU
		{B030D062-32E6-30B6-C585-B9299FBF761E}.Release|Any CPU.Build.0 = Release|Any CPU
		{BAA7B2EA-B489-D33A-D32D-1ABC341188A0}.Debug|Any CPU.ActiveCfg = Debug|Any CPU
		{BAA7B2EA-B489-D33A-D32D-1ABC341188A0}.Debug|Any CPU.Build.0 = Debug|Any CPU
		{BAA7B2EA-B489-D33A-D32D-1ABC341188A0}.Release|Any CPU.ActiveCfg = Release|Any CPU
		{BAA7B2EA-B489-D33A-D32D-1ABC341188A0}.Release|Any CPU.Build.0 = Release|Any CPU
		{C1EE2C57-D995-2C2E-4798-8AC338963854}.Debug|Any CPU.ActiveCfg = Debug|Any CPU
		{C1EE2C57-D995-2C2E-4798-8AC338963854}.Debug|Any CPU.Build.0 = Debug|Any CPU
		{C1EE2C57-D995-2C2E-4798-8AC338963854}.Release|Any CPU.ActiveCfg = Release|Any CPU
		{C1EE2C57-D995-2C2E-4798-8AC338963854}.Release|Any CPU.Build.0 = Release|Any CPU
		{4FD331B9-CB21-C149-B79A-08E421491B4F}.Debug|Any CPU.ActiveCfg = Debug|Any CPU
		{4FD331B9-CB21-C149-B79A-08E421491B4F}.Debug|Any CPU.Build.0 = Debug|Any CPU
		{4FD331B9-CB21-C149-B79A-08E421491B4F}.Release|Any CPU.ActiveCfg = Release|Any CPU
		{4FD331B9-CB21-C149-B79A-08E421491B4F}.Release|Any CPU.Build.0 = Release|Any CPU
		{2104349F-B8B6-A485-7456-44EA4D157930}.Debug|Any CPU.ActiveCfg = Debug|Any CPU
		{2104349F-B8B6-A485-7456-44EA4D157930}.Debug|Any CPU.Build.0 = Debug|Any CPU
		{2104349F-B8B6-A485-7456-44EA4D157930}.Release|Any CPU.ActiveCfg = Release|Any CPU
		{2104349F-B8B6-A485-7456-44EA4D157930}.Release|Any CPU.Build.0 = Release|Any CPU
		{5B719FB6-3AB1-022F-1FE2-1C7F52E58707}.Debug|Any CPU.ActiveCfg = Debug|Any CPU
		{5B719FB6-3AB1-022F-1FE2-1C7F52E58707}.Debug|Any CPU.Build.0 = Debug|Any CPU
		{5B719FB6-3AB1-022F-1FE2-1C7F52E58707}.Release|Any CPU.ActiveCfg = Release|Any CPU
		{5B719FB6-3AB1-022F-1FE2-1C7F52E58707}.Release|Any CPU.Build.0 = Release|Any CPU
		{8EA1161C-CE89-CE7C-988C-99EE73303724}.Debug|Any CPU.ActiveCfg = Debug|Any CPU
		{8EA1161C-CE89-CE7C-988C-99EE73303724}.Debug|Any CPU.Build.0 = Debug|Any CPU
		{8EA1161C-CE89-CE7C-988C-99EE73303724}.Release|Any CPU.ActiveCfg = Release|Any CPU
		{8EA1161C-CE89-CE7C-988C-99EE73303724}.Release|Any CPU.Build.0 = Release|Any CPU
		{1C4B247C-9BDD-F02F-F0C5-48D58B8AAB3F}.Debug|Any CPU.ActiveCfg = Debug|Any CPU
		{1C4B247C-9BDD-F02F-F0C5-48D58B8AAB3F}.Debug|Any CPU.Build.0 = Debug|Any CPU
		{1C4B247C-9BDD-F02F-F0C5-48D58B8AAB3F}.Release|Any CPU.ActiveCfg = Release|Any CPU
		{1C4B247C-9BDD-F02F-F0C5-48D58B8AAB3F}.Release|Any CPU.Build.0 = Release|Any CPU
		{0A4246F0-6F4E-4C77-4837-136EE7B8D48E}.Debug|Any CPU.ActiveCfg = Debug|Any CPU
		{0A4246F0-6F4E-4C77-4837-136EE7B8D48E}.Debug|Any CPU.Build.0 = Debug|Any CPU
		{0A4246F0-6F4E-4C77-4837-136EE7B8D48E}.Release|Any CPU.ActiveCfg = Release|Any CPU
		{0A4246F0-6F4E-4C77-4837-136EE7B8D48E}.Release|Any CPU.Build.0 = Release|Any CPU
		{83A8B7F1-DEE2-5343-C82F-B2587C0AF0F6}.Debug|Any CPU.ActiveCfg = Debug|Any CPU
		{83A8B7F1-DEE2-5343-C82F-B2587C0AF0F6}.Debug|Any CPU.Build.0 = Debug|Any CPU
		{83A8B7F1-DEE2-5343-C82F-B2587C0AF0F6}.Release|Any CPU.ActiveCfg = Release|Any CPU
		{83A8B7F1-DEE2-5343-C82F-B2587C0AF0F6}.Release|Any CPU.Build.0 = Release|Any CPU
		{FE397046-47A8-03F3-7061-B554420A3A3C}.Debug|Any CPU.ActiveCfg = Debug|Any CPU
		{FE397046-47A8-03F3-7061-B554420A3A3C}.Debug|Any CPU.Build.0 = Debug|Any CPU
		{FE397046-47A8-03F3-7061-B554420A3A3C}.Release|Any CPU.ActiveCfg = Release|Any CPU
		{FE397046-47A8-03F3-7061-B554420A3A3C}.Release|Any CPU.Build.0 = Release|Any CPU
		{0F1E61D9-1792-F593-0785-DA5C7C7EF97A}.Debug|Any CPU.ActiveCfg = Debug|Any CPU
		{0F1E61D9-1792-F593-0785-DA5C7C7EF97A}.Debug|Any CPU.Build.0 = Debug|Any CPU
		{0F1E61D9-1792-F593-0785-DA5C7C7EF97A}.Release|Any CPU.ActiveCfg = Release|Any CPU
		{0F1E61D9-1792-F593-0785-DA5C7C7EF97A}.Release|Any CPU.Build.0 = Release|Any CPU
		{FBD3B12B-35E0-0FAD-8403-2D165BD9A775}.Debug|Any CPU.ActiveCfg = Debug|Any CPU
		{FBD3B12B-35E0-0FAD-8403-2D165BD9A775}.Debug|Any CPU.Build.0 = Debug|Any CPU
		{FBD3B12B-35E0-0FAD-8403-2D165BD9A775}.Release|Any CPU.ActiveCfg = Release|Any CPU
		{FBD3B12B-35E0-0FAD-8403-2D165BD9A775}.Release|Any CPU.Build.0 = Release|Any CPU
		{8DE15023-F6BA-A305-F1B9-4D99F63A788D}.Debug|Any CPU.ActiveCfg = Debug|Any CPU
		{8DE15023-F6BA-A305-F1B9-4D99F63A788D}.Debug|Any CPU.Build.0 = Debug|Any CPU
		{8DE15023-F6BA-A305-F1B9-4D99F63A788D}.Release|Any CPU.ActiveCfg = Release|Any CPU
		{8DE15023-F6BA-A305-F1B9-4D99F63A788D}.Release|Any CPU.Build.0 = Release|Any CPU
	EndGlobalSection
	GlobalSection(SolutionProperties) = preSolution
		HideSolutionNode = FALSE
	EndGlobalSection
	GlobalSection(ExtensibilityGlobals) = postSolution
		SolutionGuid = {70C5EBF8-2CA6-441E-B6C0-477ECD47A0F4}
	EndGlobalSection
EndGlobal
